// !$*UTF8*$!
{
	archiveVersion = 1;
	classes = {
	};
	objectVersion = 46;
	objects = {

/* Begin PBXBuildFile section */
		607FACEC1AFB9204008FA782 /* Tests.swift in Sources */ = {isa = PBXBuildFile; fileRef = 607FACEB1AFB9204008FA782 /* Tests.swift */; };
		8370FEC264DFE7680C730DE0 /* Pods_restate_Tests.framework in Frameworks */ = {isa = PBXBuildFile; fileRef = 9700B8B60611FB89A3F24232 /* Pods_restate_Tests.framework */; };
		A373DC5226B0D22F0012BDD7 /* StateProperty.swift in Sources */ = {isa = PBXBuildFile; fileRef = A373DC4D26B0D22E0012BDD7 /* StateProperty.swift */; };
		A373DC5326B0D22F0012BDD7 /* StoreStateUtilities.swift in Sources */ = {isa = PBXBuildFile; fileRef = A373DC4F26B0D22E0012BDD7 /* StoreStateUtilities.swift */; };
		A373DC5526B0D2380012BDD7 /* ReBaseController.swift in Sources */ = {isa = PBXBuildFile; fileRef = A373DC5426B0D2380012BDD7 /* ReBaseController.swift */; };
		A373DC5726B0D2890012BDD7 /* ReNavigationController.swift in Sources */ = {isa = PBXBuildFile; fileRef = A373DC5626B0D2890012BDD7 /* ReNavigationController.swift */; };
		A373DC5926B0D3750012BDD7 /* ReBaseNavigationController.swift in Sources */ = {isa = PBXBuildFile; fileRef = A373DC5826B0D3750012BDD7 /* ReBaseNavigationController.swift */; };
		A373DC5B26B0D4090012BDD7 /* ReState.swift in Sources */ = {isa = PBXBuildFile; fileRef = A373DC5A26B0D4090012BDD7 /* ReState.swift */; };
		A373DC5D26B0D4240012BDD7 /* StatePropertyList.swift in Sources */ = {isa = PBXBuildFile; fileRef = A373DC5C26B0D4240012BDD7 /* StatePropertyList.swift */; };
		A373DC5F26B0D49C0012BDD7 /* ReNode.swift in Sources */ = {isa = PBXBuildFile; fileRef = A373DC5E26B0D49C0012BDD7 /* ReNode.swift */; };
		A373DC6126B0D4C70012BDD7 /* ErrorDisplayType.swift in Sources */ = {isa = PBXBuildFile; fileRef = A373DC6026B0D4C70012BDD7 /* ErrorDisplayType.swift */; };
		A373DC6326B0D4ED0012BDD7 /* ResizeableNode.swift in Sources */ = {isa = PBXBuildFile; fileRef = A373DC6226B0D4ED0012BDD7 /* ResizeableNode.swift */; };
		A373DC6626B0D5A80012BDD7 /* ReProtocol.swift in Sources */ = {isa = PBXBuildFile; fileRef = A373DC6526B0D5A80012BDD7 /* ReProtocol.swift */; };
		A373DC6826B0D5D10012BDD7 /* ProgressiveViewProtocol.swift in Sources */ = {isa = PBXBuildFile; fileRef = A373DC6726B0D5D10012BDD7 /* ProgressiveViewProtocol.swift */; };
		A373DC6A26B0D61D0012BDD7 /* ProgressiveNode.swift in Sources */ = {isa = PBXBuildFile; fileRef = A373DC6926B0D61D0012BDD7 /* ProgressiveNode.swift */; };
		A373DC6C26B0D7FD0012BDD7 /* NavigationStateProtocol.swift in Sources */ = {isa = PBXBuildFile; fileRef = A373DC6B26B0D7FD0012BDD7 /* NavigationStateProtocol.swift */; };
		A373DC7126B0D8760012BDD7 /* ReEmptyState.swift in Sources */ = {isa = PBXBuildFile; fileRef = A373DC6F26B0D8750012BDD7 /* ReEmptyState.swift */; };
		A373DC7226B0D8760012BDD7 /* ReTable.swift in Sources */ = {isa = PBXBuildFile; fileRef = A373DC7026B0D8750012BDD7 /* ReTable.swift */; };
		A373DC7426B0D8AB0012BDD7 /* ReCollection.swift in Sources */ = {isa = PBXBuildFile; fileRef = A373DC7326B0D8AB0012BDD7 /* ReCollection.swift */; };
		A373DC7626B0D8E50012BDD7 /* ReStack.swift in Sources */ = {isa = PBXBuildFile; fileRef = A373DC7526B0D8E50012BDD7 /* ReStack.swift */; };
		A373DC7826B0D9020012BDD7 /* ReScroll.swift in Sources */ = {isa = PBXBuildFile; fileRef = A373DC7726B0D9020012BDD7 /* ReScroll.swift */; };
		A373DC7A26B0D9EB0012BDD7 /* ReButton.swift in Sources */ = {isa = PBXBuildFile; fileRef = A373DC7926B0D9EB0012BDD7 /* ReButton.swift */; };
/* End PBXBuildFile section */

/* Begin PBXFileReference section */
		2F074666DCE71200118F3EC2 /* README.md */ = {isa = PBXFileReference; includeInIndex = 1; lastKnownFileType = net.daringfireball.markdown; name = README.md; path = ../README.md; sourceTree = "<group>"; };
		4FFF69684D1C88CB6C7DDDEE /* LICENSE */ = {isa = PBXFileReference; includeInIndex = 1; lastKnownFileType = text; name = LICENSE; path = ../LICENSE; sourceTree = "<group>"; };
		607FACE51AFB9204008FA782 /* restate_Tests.xctest */ = {isa = PBXFileReference; explicitFileType = wrapper.cfbundle; includeInIndex = 0; path = restate_Tests.xctest; sourceTree = BUILT_PRODUCTS_DIR; };
		607FACEA1AFB9204008FA782 /* Info.plist */ = {isa = PBXFileReference; lastKnownFileType = text.plist.xml; path = Info.plist; sourceTree = "<group>"; };
		607FACEB1AFB9204008FA782 /* Tests.swift */ = {isa = PBXFileReference; lastKnownFileType = sourcecode.swift; path = Tests.swift; sourceTree = "<group>"; };
		8758C4FA09A5534EEC0DE13E /* restate.podspec */ = {isa = PBXFileReference; includeInIndex = 1; lastKnownFileType = text; name = restate.podspec; path = ../restate.podspec; sourceTree = "<group>"; };
		9700B8B60611FB89A3F24232 /* Pods_restate_Tests.framework */ = {isa = PBXFileReference; explicitFileType = wrapper.framework; includeInIndex = 0; path = Pods_restate_Tests.framework; sourceTree = BUILT_PRODUCTS_DIR; };
		994B8C10C0E8D7E7ED3103EB /* Pods-restate_Tests.debug.xcconfig */ = {isa = PBXFileReference; includeInIndex = 1; lastKnownFileType = text.xcconfig; name = "Pods-restate_Tests.debug.xcconfig"; path = "Target Support Files/Pods-restate_Tests/Pods-restate_Tests.debug.xcconfig"; sourceTree = "<group>"; };
		9ABE8A188FDBCD3F091A943E /* Pods-restate_Tests.release.xcconfig */ = {isa = PBXFileReference; includeInIndex = 1; lastKnownFileType = text.xcconfig; name = "Pods-restate_Tests.release.xcconfig"; path = "Target Support Files/Pods-restate_Tests/Pods-restate_Tests.release.xcconfig"; sourceTree = "<group>"; };
		A373DC4D26B0D22E0012BDD7 /* StateProperty.swift */ = {isa = PBXFileReference; fileEncoding = 4; lastKnownFileType = sourcecode.swift; path = StateProperty.swift; sourceTree = "<group>"; };
		A373DC4F26B0D22E0012BDD7 /* StoreStateUtilities.swift */ = {isa = PBXFileReference; fileEncoding = 4; lastKnownFileType = sourcecode.swift; path = StoreStateUtilities.swift; sourceTree = "<group>"; };
		A373DC5426B0D2380012BDD7 /* ReBaseController.swift */ = {isa = PBXFileReference; lastKnownFileType = sourcecode.swift; path = ReBaseController.swift; sourceTree = "<group>"; };
		A373DC5626B0D2890012BDD7 /* ReNavigationController.swift */ = {isa = PBXFileReference; lastKnownFileType = sourcecode.swift; path = ReNavigationController.swift; sourceTree = "<group>"; };
		A373DC5826B0D3750012BDD7 /* ReBaseNavigationController.swift */ = {isa = PBXFileReference; lastKnownFileType = sourcecode.swift; path = ReBaseNavigationController.swift; sourceTree = "<group>"; };
		A373DC5A26B0D4090012BDD7 /* ReState.swift */ = {isa = PBXFileReference; lastKnownFileType = sourcecode.swift; path = ReState.swift; sourceTree = "<group>"; };
		A373DC5C26B0D4240012BDD7 /* StatePropertyList.swift */ = {isa = PBXFileReference; lastKnownFileType = sourcecode.swift; path = StatePropertyList.swift; sourceTree = "<group>"; };
		A373DC5E26B0D49C0012BDD7 /* ReNode.swift */ = {isa = PBXFileReference; lastKnownFileType = sourcecode.swift; path = ReNode.swift; sourceTree = "<group>"; };
		A373DC6026B0D4C70012BDD7 /* ErrorDisplayType.swift */ = {isa = PBXFileReference; lastKnownFileType = sourcecode.swift; path = ErrorDisplayType.swift; sourceTree = "<group>"; };
		A373DC6226B0D4ED0012BDD7 /* ResizeableNode.swift */ = {isa = PBXFileReference; lastKnownFileType = sourcecode.swift; path = ResizeableNode.swift; sourceTree = "<group>"; };
		A373DC6526B0D5A80012BDD7 /* ReProtocol.swift */ = {isa = PBXFileReference; lastKnownFileType = sourcecode.swift; path = ReProtocol.swift; sourceTree = "<group>"; };
		A373DC6726B0D5D10012BDD7 /* ProgressiveViewProtocol.swift */ = {isa = PBXFileReference; lastKnownFileType = sourcecode.swift; path = ProgressiveViewProtocol.swift; sourceTree = "<group>"; };
		A373DC6926B0D61D0012BDD7 /* ProgressiveNode.swift */ = {isa = PBXFileReference; lastKnownFileType = sourcecode.swift; path = ProgressiveNode.swift; sourceTree = "<group>"; };
		A373DC6B26B0D7FD0012BDD7 /* NavigationStateProtocol.swift */ = {isa = PBXFileReference; lastKnownFileType = sourcecode.swift; path = NavigationStateProtocol.swift; sourceTree = "<group>"; };
		A373DC6F26B0D8750012BDD7 /* ReEmptyState.swift */ = {isa = PBXFileReference; fileEncoding = 4; lastKnownFileType = sourcecode.swift; path = ReEmptyState.swift; sourceTree = "<group>"; };
		A373DC7026B0D8750012BDD7 /* ReTable.swift */ = {isa = PBXFileReference; fileEncoding = 4; lastKnownFileType = sourcecode.swift; path = ReTable.swift; sourceTree = "<group>"; };
		A373DC7326B0D8AB0012BDD7 /* ReCollection.swift */ = {isa = PBXFileReference; lastKnownFileType = sourcecode.swift; path = ReCollection.swift; sourceTree = "<group>"; };
		A373DC7526B0D8E50012BDD7 /* ReStack.swift */ = {isa = PBXFileReference; lastKnownFileType = sourcecode.swift; path = ReStack.swift; sourceTree = "<group>"; };
		A373DC7726B0D9020012BDD7 /* ReScroll.swift */ = {isa = PBXFileReference; lastKnownFileType = sourcecode.swift; path = ReScroll.swift; sourceTree = "<group>"; };
		A373DC7926B0D9EB0012BDD7 /* ReButton.swift */ = {isa = PBXFileReference; lastKnownFileType = sourcecode.swift; path = ReButton.swift; sourceTree = "<group>"; };
/* End PBXFileReference section */

/* Begin PBXFrameworksBuildPhase section */
		607FACE21AFB9204008FA782 /* Frameworks */ = {
			isa = PBXFrameworksBuildPhase;
			buildActionMask = 2147483647;
			files = (
				8370FEC264DFE7680C730DE0 /* Pods_restate_Tests.framework in Frameworks */,
			);
			runOnlyForDeploymentPostprocessing = 0;
		};
/* End PBXFrameworksBuildPhase section */

/* Begin PBXGroup section */
		607FACC71AFB9204008FA782 = {
			isa = PBXGroup;
			children = (
				A373DC4A26B0D0250012BDD7 /* restate */,
				607FACF51AFB993E008FA782 /* Podspec Metadata */,
				607FACE81AFB9204008FA782 /* Tests */,
				607FACD11AFB9204008FA782 /* Products */,
				F7505F163F44A9C379F6E675 /* Pods */,
				CE5AEC3E36DC9226B5F5AAC8 /* Frameworks */,
			);
			sourceTree = "<group>";
		};
		607FACD11AFB9204008FA782 /* Products */ = {
			isa = PBXGroup;
			children = (
				607FACE51AFB9204008FA782 /* restate_Tests.xctest */,
			);
			name = Products;
			sourceTree = "<group>";
		};
		607FACE81AFB9204008FA782 /* Tests */ = {
			isa = PBXGroup;
			children = (
				607FACEB1AFB9204008FA782 /* Tests.swift */,
				607FACE91AFB9204008FA782 /* Supporting Files */,
			);
			path = Tests;
			sourceTree = "<group>";
		};
		607FACE91AFB9204008FA782 /* Supporting Files */ = {
			isa = PBXGroup;
			children = (
				607FACEA1AFB9204008FA782 /* Info.plist */,
			);
			name = "Supporting Files";
			sourceTree = "<group>";
		};
		607FACF51AFB993E008FA782 /* Podspec Metadata */ = {
			isa = PBXGroup;
			children = (
				8758C4FA09A5534EEC0DE13E /* restate.podspec */,
				2F074666DCE71200118F3EC2 /* README.md */,
				4FFF69684D1C88CB6C7DDDEE /* LICENSE */,
			);
			name = "Podspec Metadata";
			sourceTree = "<group>";
		};
		A373DC4A26B0D0250012BDD7 /* restate */ = {
			isa = PBXGroup;
			children = (
				A373DC5026B0D22E0012BDD7 /* controllers */,
				A373DC4C26B0D22E0012BDD7 /* models */,
				A373DC4E26B0D22E0012BDD7 /* state */,
				A373DC5126B0D22F0012BDD7 /* views */,
			);
			path = restate;
			sourceTree = "<group>";
		};
		A373DC4C26B0D22E0012BDD7 /* models */ = {
			isa = PBXGroup;
			children = (
				A373DC4D26B0D22E0012BDD7 /* StateProperty.swift */,
				A373DC5C26B0D4240012BDD7 /* StatePropertyList.swift */,
				A373DC6B26B0D7FD0012BDD7 /* NavigationStateProtocol.swift */,
				A373DC6526B0D5A80012BDD7 /* ReProtocol.swift */,
				A373DC6726B0D5D10012BDD7 /* ProgressiveViewProtocol.swift */,
				A373DC6F26B0D8750012BDD7 /* ReEmptyState.swift */,
			);
			path = models;
			sourceTree = "<group>";
		};
		A373DC4E26B0D22E0012BDD7 /* state */ = {
			isa = PBXGroup;
			children = (
				A373DC5A26B0D4090012BDD7 /* ReState.swift */,
				A373DC4F26B0D22E0012BDD7 /* StoreStateUtilities.swift */,
			);
			path = state;
			sourceTree = "<group>";
		};
		A373DC5026B0D22E0012BDD7 /* controllers */ = {
			isa = PBXGroup;
			children = (
				A373DC5426B0D2380012BDD7 /* ReBaseController.swift */,
				A373DC5826B0D3750012BDD7 /* ReBaseNavigationController.swift */,
				A373DC5626B0D2890012BDD7 /* ReNavigationController.swift */,
			);
			path = controllers;
			sourceTree = "<group>";
		};
		A373DC5126B0D22F0012BDD7 /* views */ = {
			isa = PBXGroup;
			children = (
				A373DC6D26B0D83C0012BDD7 /* base */,
				A373DC6E26B0D8430012BDD7 /* components */,
			);
			path = views;
			sourceTree = "<group>";
		};
		A373DC6D26B0D83C0012BDD7 /* base */ = {
			isa = PBXGroup;
			children = (
				A373DC6226B0D4ED0012BDD7 /* ResizeableNode.swift */,
				A373DC5E26B0D49C0012BDD7 /* ReNode.swift */,
				A373DC6026B0D4C70012BDD7 /* ErrorDisplayType.swift */,
				A373DC6926B0D61D0012BDD7 /* ProgressiveNode.swift */,
				A373DC7726B0D9020012BDD7 /* ReScroll.swift */,
				A373DC7926B0D9EB0012BDD7 /* ReButton.swift */,
			);
			path = base;
			sourceTree = "<group>";
		};
		A373DC6E26B0D8430012BDD7 /* components */ = {
			isa = PBXGroup;
			children = (
				A373DC7026B0D8750012BDD7 /* ReTable.swift */,
				A373DC7526B0D8E50012BDD7 /* ReStack.swift */,
				A373DC7326B0D8AB0012BDD7 /* ReCollection.swift */,
			);
			path = components;
			sourceTree = "<group>";
		};
		CE5AEC3E36DC9226B5F5AAC8 /* Frameworks */ = {
			isa = PBXGroup;
			children = (
				9700B8B60611FB89A3F24232 /* Pods_restate_Tests.framework */,
			);
			name = Frameworks;
			sourceTree = "<group>";
		};
		F7505F163F44A9C379F6E675 /* Pods */ = {
			isa = PBXGroup;
			children = (
				994B8C10C0E8D7E7ED3103EB /* Pods-restate_Tests.debug.xcconfig */,
				9ABE8A188FDBCD3F091A943E /* Pods-restate_Tests.release.xcconfig */,
			);
			path = Pods;
			sourceTree = "<group>";
		};
/* End PBXGroup section */

/* Begin PBXNativeTarget section */
		607FACE41AFB9204008FA782 /* restate_Tests */ = {
			isa = PBXNativeTarget;
			buildConfigurationList = 607FACF21AFB9204008FA782 /* Build configuration list for PBXNativeTarget "restate_Tests" */;
			buildPhases = (
				70C5663FAF47F4DB1953888A /* [CP] Check Pods Manifest.lock */,
				607FACE11AFB9204008FA782 /* Sources */,
				607FACE21AFB9204008FA782 /* Frameworks */,
				607FACE31AFB9204008FA782 /* Resources */,
				0ABBD20F0305BC082CE65C95 /* [CP] Embed Pods Frameworks */,
			);
			buildRules = (
			);
			dependencies = (
			);
			name = restate_Tests;
			productName = Tests;
			productReference = 607FACE51AFB9204008FA782 /* restate_Tests.xctest */;
			productType = "com.apple.product-type.bundle.unit-test";
		};
/* End PBXNativeTarget section */

/* Begin PBXProject section */
		607FACC81AFB9204008FA782 /* Project object */ = {
			isa = PBXProject;
			attributes = {
				LastSwiftUpdateCheck = 0830;
				LastUpgradeCheck = 0830;
				ORGANIZATIONNAME = CocoaPods;
				TargetAttributes = {
					607FACE41AFB9204008FA782 = {
						CreatedOnToolsVersion = 6.3.1;
						LastSwiftMigration = 0900;
						TestTargetID = 607FACCF1AFB9204008FA782;
					};
				};
			};
			buildConfigurationList = 607FACCB1AFB9204008FA782 /* Build configuration list for PBXProject "restate" */;
			compatibilityVersion = "Xcode 3.2";
			developmentRegion = English;
			hasScannedForEncodings = 0;
			knownRegions = (
				English,
				en,
				Base,
			);
			mainGroup = 607FACC71AFB9204008FA782;
			productRefGroup = 607FACD11AFB9204008FA782 /* Products */;
			projectDirPath = "";
			projectRoot = "";
			targets = (
				607FACE41AFB9204008FA782 /* restate_Tests */,
			);
		};
/* End PBXProject section */

/* Begin PBXResourcesBuildPhase section */
		607FACE31AFB9204008FA782 /* Resources */ = {
			isa = PBXResourcesBuildPhase;
			buildActionMask = 2147483647;
			files = (
			);
			runOnlyForDeploymentPostprocessing = 0;
		};
/* End PBXResourcesBuildPhase section */

/* Begin PBXShellScriptBuildPhase section */
		0ABBD20F0305BC082CE65C95 /* [CP] Embed Pods Frameworks */ = {
			isa = PBXShellScriptBuildPhase;
			buildActionMask = 2147483647;
			files = (
			);
			inputPaths = (
				"${PODS_ROOT}/Target Support Files/Pods-restate_Tests/Pods-restate_Tests-frameworks.sh",
				"${BUILT_PRODUCTS_DIR}/PINCache/PINCache.framework",
				"${BUILT_PRODUCTS_DIR}/PINOperation/PINOperation.framework",
				"${BUILT_PRODUCTS_DIR}/PINRemoteImage/PINRemoteImage.framework",
				"${BUILT_PRODUCTS_DIR}/ReSwift/ReSwift.framework",
				"${BUILT_PRODUCTS_DIR}/ReSwiftThunk/ReSwiftThunk.framework",
				"${BUILT_PRODUCTS_DIR}/RxCocoa/RxCocoa.framework",
				"${BUILT_PRODUCTS_DIR}/RxRelay/RxRelay.framework",
				"${BUILT_PRODUCTS_DIR}/RxSwift/RxSwift.framework",
				"${BUILT_PRODUCTS_DIR}/Texture/AsyncDisplayKit.framework",
				"${BUILT_PRODUCTS_DIR}/restate/restate.framework",
			);
			name = "[CP] Embed Pods Frameworks";
			outputPaths = (
				"${TARGET_BUILD_DIR}/${FRAMEWORKS_FOLDER_PATH}/PINCache.framework",
				"${TARGET_BUILD_DIR}/${FRAMEWORKS_FOLDER_PATH}/PINOperation.framework",
				"${TARGET_BUILD_DIR}/${FRAMEWORKS_FOLDER_PATH}/PINRemoteImage.framework",
				"${TARGET_BUILD_DIR}/${FRAMEWORKS_FOLDER_PATH}/ReSwift.framework",
				"${TARGET_BUILD_DIR}/${FRAMEWORKS_FOLDER_PATH}/ReSwiftThunk.framework",
				"${TARGET_BUILD_DIR}/${FRAMEWORKS_FOLDER_PATH}/RxCocoa.framework",
				"${TARGET_BUILD_DIR}/${FRAMEWORKS_FOLDER_PATH}/RxRelay.framework",
				"${TARGET_BUILD_DIR}/${FRAMEWORKS_FOLDER_PATH}/RxSwift.framework",
				"${TARGET_BUILD_DIR}/${FRAMEWORKS_FOLDER_PATH}/AsyncDisplayKit.framework",
				"${TARGET_BUILD_DIR}/${FRAMEWORKS_FOLDER_PATH}/restate.framework",
			);
			runOnlyForDeploymentPostprocessing = 0;
			shellPath = /bin/sh;
			shellScript = "\"${PODS_ROOT}/Target Support Files/Pods-restate_Tests/Pods-restate_Tests-frameworks.sh\"\n";
			showEnvVarsInLog = 0;
		};
		70C5663FAF47F4DB1953888A /* [CP] Check Pods Manifest.lock */ = {
			isa = PBXShellScriptBuildPhase;
			buildActionMask = 2147483647;
			files = (
			);
			inputFileListPaths = (
			);
			inputPaths = (
				"${PODS_PODFILE_DIR_PATH}/Podfile.lock",
				"${PODS_ROOT}/Manifest.lock",
			);
			name = "[CP] Check Pods Manifest.lock";
			outputFileListPaths = (
			);
			outputPaths = (
				"$(DERIVED_FILE_DIR)/Pods-restate_Tests-checkManifestLockResult.txt",
			);
			runOnlyForDeploymentPostprocessing = 0;
			shellPath = /bin/sh;
			shellScript = "diff \"${PODS_PODFILE_DIR_PATH}/Podfile.lock\" \"${PODS_ROOT}/Manifest.lock\" > /dev/null\nif [ $? != 0 ] ; then\n    # print error to STDERR\n    echo \"error: The sandbox is not in sync with the Podfile.lock. Run 'pod install' or update your CocoaPods installation.\" >&2\n    exit 1\nfi\n# This output is used by Xcode 'outputs' to avoid re-running this script phase.\necho \"SUCCESS\" > \"${SCRIPT_OUTPUT_FILE_0}\"\n";
			showEnvVarsInLog = 0;
		};
/* End PBXShellScriptBuildPhase section */

/* Begin PBXSourcesBuildPhase section */
		607FACE11AFB9204008FA782 /* Sources */ = {
			isa = PBXSourcesBuildPhase;
			buildActionMask = 2147483647;
			files = (
				A373DC5B26B0D4090012BDD7 /* ReState.swift in Sources */,
				A373DC6C26B0D7FD0012BDD7 /* NavigationStateProtocol.swift in Sources */,
				A373DC7426B0D8AB0012BDD7 /* ReCollection.swift in Sources */,
				A373DC6A26B0D61D0012BDD7 /* ProgressiveNode.swift in Sources */,
				A373DC6126B0D4C70012BDD7 /* ErrorDisplayType.swift in Sources */,
				A373DC7626B0D8E50012BDD7 /* ReStack.swift in Sources */,
				A373DC7126B0D8760012BDD7 /* ReEmptyState.swift in Sources */,
				A373DC5926B0D3750012BDD7 /* ReBaseNavigationController.swift in Sources */,
				A373DC5226B0D22F0012BDD7 /* StateProperty.swift in Sources */,
				A373DC6626B0D5A80012BDD7 /* ReProtocol.swift in Sources */,
				A373DC7A26B0D9EB0012BDD7 /* ReButton.swift in Sources */,
				A373DC6826B0D5D10012BDD7 /* ProgressiveViewProtocol.swift in Sources */,
				A373DC5D26B0D4240012BDD7 /* StatePropertyList.swift in Sources */,
				A373DC5526B0D2380012BDD7 /* ReBaseController.swift in Sources */,
				607FACEC1AFB9204008FA782 /* Tests.swift in Sources */,
				A373DC6326B0D4ED0012BDD7 /* ResizeableNode.swift in Sources */,
				A373DC7826B0D9020012BDD7 /* ReScroll.swift in Sources */,
				A373DC5326B0D22F0012BDD7 /* StoreStateUtilities.swift in Sources */,
				A373DC5F26B0D49C0012BDD7 /* ReNode.swift in Sources */,
				A373DC7226B0D8760012BDD7 /* ReTable.swift in Sources */,
				A373DC5726B0D2890012BDD7 /* ReNavigationController.swift in Sources */,
			);
			runOnlyForDeploymentPostprocessing = 0;
		};
/* End PBXSourcesBuildPhase section */

/* Begin XCBuildConfiguration section */
		607FACED1AFB9204008FA782 /* Debug */ = {
			isa = XCBuildConfiguration;
			buildSettings = {
				ALWAYS_SEARCH_USER_PATHS = NO;
				CLANG_CXX_LANGUAGE_STANDARD = "gnu++0x";
				CLANG_CXX_LIBRARY = "libc++";
				CLANG_ENABLE_MODULES = YES;
				CLANG_ENABLE_OBJC_ARC = YES;
				CLANG_WARN_BLOCK_CAPTURE_AUTORELEASING = YES;
				CLANG_WARN_BOOL_CONVERSION = YES;
				CLANG_WARN_COMMA = YES;
				CLANG_WARN_CONSTANT_CONVERSION = YES;
				CLANG_WARN_DIRECT_OBJC_ISA_USAGE = YES_ERROR;
				CLANG_WARN_EMPTY_BODY = YES;
				CLANG_WARN_ENUM_CONVERSION = YES;
				CLANG_WARN_INFINITE_RECURSION = YES;
				CLANG_WARN_INT_CONVERSION = YES;
				CLANG_WARN_NON_LITERAL_NULL_CONVERSION = YES;
				CLANG_WARN_OBJC_LITERAL_CONVERSION = YES;
				CLANG_WARN_OBJC_ROOT_CLASS = YES_ERROR;
				CLANG_WARN_RANGE_LOOP_ANALYSIS = YES;
				CLANG_WARN_STRICT_PROTOTYPES = YES;
				CLANG_WARN_SUSPICIOUS_MOVE = YES;
				CLANG_WARN_UNREACHABLE_CODE = YES;
				CLANG_WARN__DUPLICATE_METHOD_MATCH = YES;
				"CODE_SIGN_IDENTITY[sdk=iphoneos*]" = "iPhone Developer";
				COPY_PHASE_STRIP = NO;
				DEBUG_INFORMATION_FORMAT = "dwarf-with-dsym";
				ENABLE_STRICT_OBJC_MSGSEND = YES;
				ENABLE_TESTABILITY = YES;
				GCC_C_LANGUAGE_STANDARD = gnu99;
				GCC_DYNAMIC_NO_PIC = NO;
				GCC_NO_COMMON_BLOCKS = YES;
				GCC_OPTIMIZATION_LEVEL = 0;
				GCC_PREPROCESSOR_DEFINITIONS = (
					"DEBUG=1",
					"$(inherited)",
				);
				GCC_SYMBOLS_PRIVATE_EXTERN = NO;
				GCC_WARN_64_TO_32_BIT_CONVERSION = YES;
				GCC_WARN_ABOUT_RETURN_TYPE = YES_ERROR;
				GCC_WARN_UNDECLARED_SELECTOR = YES;
				GCC_WARN_UNINITIALIZED_AUTOS = YES_AGGRESSIVE;
				GCC_WARN_UNUSED_FUNCTION = YES;
				GCC_WARN_UNUSED_VARIABLE = YES;
				IPHONEOS_DEPLOYMENT_TARGET = 9.3;
				MTL_ENABLE_DEBUG_INFO = YES;
				ONLY_ACTIVE_ARCH = YES;
				SDKROOT = iphoneos;
				SWIFT_OPTIMIZATION_LEVEL = "-Onone";
			};
			name = Debug;
		};
		607FACEE1AFB9204008FA782 /* Release */ = {
			isa = XCBuildConfiguration;
			buildSettings = {
				ALWAYS_SEARCH_USER_PATHS = NO;
				CLANG_CXX_LANGUAGE_STANDARD = "gnu++0x";
				CLANG_CXX_LIBRARY = "libc++";
				CLANG_ENABLE_MODULES = YES;
				CLANG_ENABLE_OBJC_ARC = YES;
				CLANG_WARN_BLOCK_CAPTURE_AUTORELEASING = YES;
				CLANG_WARN_BOOL_CONVERSION = YES;
				CLANG_WARN_COMMA = YES;
				CLANG_WARN_CONSTANT_CONVERSION = YES;
				CLANG_WARN_DIRECT_OBJC_ISA_USAGE = YES_ERROR;
				CLANG_WARN_EMPTY_BODY = YES;
				CLANG_WARN_ENUM_CONVERSION = YES;
				CLANG_WARN_INFINITE_RECURSION = YES;
				CLANG_WARN_INT_CONVERSION = YES;
				CLANG_WARN_NON_LITERAL_NULL_CONVERSION = YES;
				CLANG_WARN_OBJC_LITERAL_CONVERSION = YES;
				CLANG_WARN_OBJC_ROOT_CLASS = YES_ERROR;
				CLANG_WARN_RANGE_LOOP_ANALYSIS = YES;
				CLANG_WARN_STRICT_PROTOTYPES = YES;
				CLANG_WARN_SUSPICIOUS_MOVE = YES;
				CLANG_WARN_UNREACHABLE_CODE = YES;
				CLANG_WARN__DUPLICATE_METHOD_MATCH = YES;
				"CODE_SIGN_IDENTITY[sdk=iphoneos*]" = "iPhone Developer";
				COPY_PHASE_STRIP = NO;
				DEBUG_INFORMATION_FORMAT = "dwarf-with-dsym";
				ENABLE_NS_ASSERTIONS = NO;
				ENABLE_STRICT_OBJC_MSGSEND = YES;
				GCC_C_LANGUAGE_STANDARD = gnu99;
				GCC_NO_COMMON_BLOCKS = YES;
				GCC_WARN_64_TO_32_BIT_CONVERSION = YES;
				GCC_WARN_ABOUT_RETURN_TYPE = YES_ERROR;
				GCC_WARN_UNDECLARED_SELECTOR = YES;
				GCC_WARN_UNINITIALIZED_AUTOS = YES_AGGRESSIVE;
				GCC_WARN_UNUSED_FUNCTION = YES;
				GCC_WARN_UNUSED_VARIABLE = YES;
				IPHONEOS_DEPLOYMENT_TARGET = 9.3;
				MTL_ENABLE_DEBUG_INFO = NO;
				SDKROOT = iphoneos;
				SWIFT_OPTIMIZATION_LEVEL = "-Owholemodule";
				VALIDATE_PRODUCT = YES;
			};
			name = Release;
		};
		607FACF31AFB9204008FA782 /* Debug */ = {
			isa = XCBuildConfiguration;
			baseConfigurationReference = 994B8C10C0E8D7E7ED3103EB /* Pods-restate_Tests.debug.xcconfig */;
			buildSettings = {
				FRAMEWORK_SEARCH_PATHS = (
					"$(PLATFORM_DIR)/Developer/Library/Frameworks",
					"$(inherited)",
				);
				GCC_PREPROCESSOR_DEFINITIONS = (
					"DEBUG=1",
					"$(inherited)",
				);
				INFOPLIST_FILE = Tests/Info.plist;
				LD_RUNPATH_SEARCH_PATHS = "$(inherited) @executable_path/Frameworks @loader_path/Frameworks";
				PRODUCT_BUNDLE_IDENTIFIER = "org.cocoapods.$(PRODUCT_NAME:rfc1034identifier)";
				PRODUCT_NAME = "$(TARGET_NAME)";
				SWIFT_SWIFT3_OBJC_INFERENCE = Default;
				SWIFT_VERSION = 4.0;
				TEST_HOST = "$(BUILT_PRODUCTS_DIR)/restate_Example.app/restate_Example";
			};
			name = Debug;
		};
		607FACF41AFB9204008FA782 /* Release */ = {
			isa = XCBuildConfiguration;
			baseConfigurationReference = 9ABE8A188FDBCD3F091A943E /* Pods-restate_Tests.release.xcconfig */;
			buildSettings = {
				FRAMEWORK_SEARCH_PATHS = (
					"$(PLATFORM_DIR)/Developer/Library/Frameworks",
					"$(inherited)",
				);
				INFOPLIST_FILE = Tests/Info.plist;
				LD_RUNPATH_SEARCH_PATHS = "$(inherited) @executable_path/Frameworks @loader_path/Frameworks";
				PRODUCT_BUNDLE_IDENTIFIER = "org.cocoapods.$(PRODUCT_NAME:rfc1034identifier)";
				PRODUCT_NAME = "$(TARGET_NAME)";
				SWIFT_SWIFT3_OBJC_INFERENCE = Default;
				SWIFT_VERSION = 4.0;
				TEST_HOST = "$(BUILT_PRODUCTS_DIR)/restate_Example.app/restate_Example";
			};
			name = Release;
		};
/* End XCBuildConfiguration section */

/* Begin XCConfigurationList section */
		607FACCB1AFB9204008FA782 /* Build configuration list for PBXProject "restate" */ = {
			isa = XCConfigurationList;
			buildConfigurations = (
				607FACED1AFB9204008FA782 /* Debug */,
				607FACEE1AFB9204008FA782 /* Release */,
			);
			defaultConfigurationIsVisible = 0;
			defaultConfigurationName = Release;
		};
		607FACF21AFB9204008FA782 /* Build configuration list for PBXNativeTarget "restate_Tests" */ = {
			isa = XCConfigurationList;
			buildConfigurations = (
				607FACF31AFB9204008FA782 /* Debug */,
				607FACF41AFB9204008FA782 /* Release */,
			);
			defaultConfigurationIsVisible = 0;
			defaultConfigurationName = Release;
		};
/* End XCConfigurationList section */
	};
	rootObject = 607FACC81AFB9204008FA782 /* Project object */;
}
